
Microsoft Visual Studio Solution File, Format Version 12.00
# Visual Studio Version 17
VisualStudioVersion = 17.4.33205.214
MinimumVisualStudioVersion = 10.0.40219.1
Project("{FAE04EC0-301F-11D3-BF4B-00C04F79EFBC}") = "E-FoodMarket", "E-FoodMarket\E-FoodMarket.csproj", "{920C7D78-1B6F-44ED-B32F-C24526E75279}"
EndProject
Project("{FAE04EC0-301F-11D3-BF4B-00C04F79EFBC}") = "E-FoodMarket.Data", "E-FoodMarket.Data\E-FoodMarket.Data.csproj", "{F1F0309F-653B-4D80-B073-1EA416423C99}"
EndProject
Project("{FAE04EC0-301F-11D3-BF4B-00C04F79EFBC}") = "E-FoodMarket.Domain", "E-FoodMarket.Domain\E-FoodMarket.Domain.csproj", "{95F41340-FBB4-49A1-8618-8C3C713DE120}"
EndProject
Project("{FAE04EC0-301F-11D3-BF4B-00C04F79EFBC}") = "E-FoodMarket.Service", "E-FoodMarket.Service\E-FoodMarket.Service.csproj", "{E2AE72D8-740B-4935-80C0-9F09B5F17F27}"
EndProject
Global
	GlobalSection(SolutionConfigurationPlatforms) = preSolution
		Debug|Any CPU = Debug|Any CPU
		Release|Any CPU = Release|Any CPU
	EndGlobalSection
	GlobalSection(ProjectConfigurationPlatforms) = postSolution
		{920C7D78-1B6F-44ED-B32F-C24526E75279}.Debug|Any CPU.ActiveCfg = Debug|Any CPU
		{920C7D78-1B6F-44ED-B32F-C24526E75279}.Debug|Any CPU.Build.0 = Debug|Any CPU
		{920C7D78-1B6F-44ED-B32F-C24526E75279}.Release|Any CPU.ActiveCfg = Release|Any CPU
		{920C7D78-1B6F-44ED-B32F-C24526E75279}.Release|Any CPU.Build.0 = Release|Any CPU
		{F1F0309F-653B-4D80-B073-1EA416423C99}.Debug|Any CPU.ActiveCfg = Debug|Any CPU
		{F1F0309F-653B-4D80-B073-1EA416423C99}.Debug|Any CPU.Build.0 = Debug|Any CPU
		{F1F0309F-653B-4D80-B073-1EA416423C99}.Release|Any CPU.ActiveCfg = Release|Any CPU
		{F1F0309F-653B-4D80-B073-1EA416423C99}.Release|Any CPU.Build.0 = Release|Any CPU
		{95F41340-FBB4-49A1-8618-8C3C713DE120}.Debug|Any CPU.ActiveCfg = Debug|Any CPU
		{95F41340-FBB4-49A1-8618-8C3C713DE120}.Debug|Any CPU.Build.0 = Debug|Any CPU
		{95F41340-FBB4-49A1-8618-8C3C713DE120}.Release|Any CPU.ActiveCfg = Release|Any CPU
		{95F41340-FBB4-49A1-8618-8C3C713DE120}.Release|Any CPU.Build.0 = Release|Any CPU
		{E2AE72D8-740B-4935-80C0-9F09B5F17F27}.Debug|Any CPU.ActiveCfg = Debug|Any CPU
		{E2AE72D8-740B-4935-80C0-9F09B5F17F27}.Debug|Any CPU.Build.0 = Debug|Any CPU
		{E2AE72D8-740B-4935-80C0-9F09B5F17F27}.Release|Any CPU.ActiveCfg = Release|Any CPU
		{E2AE72D8-740B-4935-80C0-9F09B5F17F27}.Release|Any CPU.Build.0 = Release|Any CPU
	EndGlobalSection
	GlobalSection(SolutionProperties) = preSolution
		HideSolutionNode = FALSE
	EndGlobalSection
	GlobalSection(ExtensibilityGlobals) = postSolution
		SolutionGuid = {C4F7899B-B632-4BD0-BE8E-AAE3C1B3D5E7}
	EndGlobalSection
EndGlobal
